
Microsoft Visual Studio Solution File, Format Version 12.00
# Visual Studio Version 16
VisualStudioVersion = 16.0.28803.202
MinimumVisualStudioVersion = 10.0.40219.1
Project("{FAE04EC0-301F-11D3-BF4B-00C04F79EFBC}") = "Mathematics", "Mathematics\Mathematics.csproj", "{F86EBD5B-D798-4310-97B3-73A79CBBE995}"
EndProject
Global
	GlobalSection(SolutionConfigurationPlatforms) = preSolution
		Debug|Any CPU = Debug|Any CPU
		Release|Any CPU = Release|Any CPU
	EndGlobalSection
	GlobalSection(ProjectConfigurationPlatforms) = postSolution
		{F86EBD5B-D798-4310-97B3-73A79CBBE995}.Debug|Any CPU.ActiveCfg = Debug|Any CPU
		{F86EBD5B-D798-4310-97B3-73A79CBBE995}.Debug|Any CPU.Build.0 = Debug|Any CPU
		{F86EBD5B-D798-4310-97B3-73A79CBBE995}.Release|Any CPU.ActiveCfg = Release|Any CPU
		{F86EBD5B-D798-4310-97B3-73A79CBBE995}.Release|Any CPU.Build.0 = Release|Any CPU
	EndGlobalSection
	GlobalSection(SolutionProperties) = preSolution
		HideSolutionNode = FALSE
	EndGlobalSection
	GlobalSection(ExtensibilityGlobals) = postSolution
		SolutionGuid = {AC6393DA-EC96-4BF0-8320-36A056EE8939}
	EndGlobalSection
EndGlobal
